{
  "name": "markdown-it-vue",
  "version": "1.0.0",
  "lockfileVersion": 1,
  "requires": true,
  "dependencies": {
    "argparse": {
      "version": "1.0.10",
      "resolved": "http://registry.npm.taobao.org/argparse/download/argparse-1.0.10.tgz",
      "integrity": "sha1-vNZ5HqWuCXJeF+WtmIE0zUCz2RE=",
      "requires": {
        "sprintf-js": "1.0.3"
      }
    },
    "asciimath-to-latex": {
      "version": "0.3.2",
      "resolved": "http://registry.npm.taobao.org/asciimath-to-latex/download/asciimath-to-latex-0.3.2.tgz",
      "integrity": "sha1-H25rNszBHj3gzu/6Pc4WSD7Ci04="
    },
    "clone": {
      "version": "2.1.2",
      "resolved": "http://registry.npm.taobao.org/clone/download/clone-2.1.2.tgz",
      "integrity": "sha1-G39Ln1kfHo+DZwQBYANFoCiHQ18="
    },
    "d3": {
      "version": "3.5.17",
      "resolved": "http://registry.npm.taobao.org/d3/download/d3-3.5.17.tgz",
      "integrity": "sha1-vEZ0gAQ3iyGjYMn8fPUjF5B2L7g="
    },
    "dagre-d3-renderer": {
      "version": "0.4.26",
      "resolved": "http://registry.npm.taobao.org/dagre-d3-renderer/download/dagre-d3-renderer-0.4.26.tgz",
      "integrity": "sha1-ZIpJEgm4U66W3fP+pBofEER5paE=",
      "requires": {
        "d3": "3.5.17",
        "dagre-layout": "0.8.8",
        "graphlib": "2.1.5",
        "lodash": "4.17.10"
      }
    },
    "dagre-layout": {
      "version": "0.8.8",
      "resolved": "http://registry.npm.taobao.org/dagre-layout/download/dagre-layout-0.8.8.tgz",
      "integrity": "sha1-m2eS8kIp9AJEHBQWLBBJ4/Jh9tk=",
      "requires": {
        "graphlibrary": "2.2.0",
        "lodash": "4.17.10"
      }
    },
    "emojione": {
      "version": "3.1.7",
      "resolved": "http://registry.npm.taobao.org/emojione/download/emojione-3.1.7.tgz",
      "integrity": "sha1-LTxyXGlvF5yd3jrLZVxiHulCmx4="
    },
    "entities": {
      "version": "1.1.1",
      "resolved": "http://registry.npm.taobao.org/entities/download/entities-1.1.1.tgz",
      "integrity": "sha1-blwtClYhtdra7O+AuQ7ftc13cvA="
    },
    "font-awesome-icon-chars": {
      "version": "1.3.0",
      "resolved": "http://registry.npm.taobao.org/font-awesome-icon-chars/download/font-awesome-icon-chars-1.3.0.tgz",
      "integrity": "sha1-ws0WKM5n4U9mgDBEIW2Rtl6Ut0E="
    },
    "graphlib": {
      "version": "2.1.5",
      "resolved": "http://registry.npm.taobao.org/graphlib/download/graphlib-2.1.5.tgz",
      "integrity": "sha1-av4a/MUUhVXseZ5JkFZ5W9aTjIc=",
      "requires": {
        "lodash": "4.17.10"
      }
    },
    "graphlibrary": {
      "version": "2.2.0",
      "resolved": "http://registry.npm.taobao.org/graphlibrary/download/graphlibrary-2.2.0.tgz",
      "integrity": "sha1-AXoUiZd1Io3sRJejm6v91r9W6sY=",
      "requires": {
        "lodash": "4.17.10"
      }
    },
    "he": {
      "version": "1.1.1",
      "resolved": "http://registry.npm.taobao.org/he/download/he-1.1.1.tgz",
      "integrity": "sha1-k0EP0hsAlzUVH4howvJx80J+I/0="
    },
    "katex": {
      "version": "0.6.0",
      "resolved": "http://registry.npm.taobao.org/katex/download/katex-0.6.0.tgz",
      "integrity": "sha1-EkGOCRIcBckgQbazuftrqyE8tvM=",
      "requires": {
        "match-at": "0.1.1"
      }
    },
    "linkify-it": {
      "version": "2.0.3",
      "resolved": "http://registry.npm.taobao.org/linkify-it/download/linkify-it-2.0.3.tgz",
      "integrity": "sha1-2UpGSPmxwXnWT6lykSaL22zpQ08=",
      "requires": {
        "uc.micro": "1.0.5"
      }
    },
    "lodash": {
      "version": "4.17.10",
      "resolved": "http://registry.npm.taobao.org/lodash/download/lodash-4.17.10.tgz",
      "integrity": "sha1-G3eTz3JZ6jj7NmHU04syYK+K5Oc="
    },
    "markdown-it": {
      "version": "8.4.2",
      "resolved": "http://registry.npm.taobao.org/markdown-it/download/markdown-it-8.4.2.tgz",
      "integrity": "sha1-OG+YmY3BWjdyKqdyIIT0Agvdm1Q=",
      "requires": {
        "argparse": "1.0.10",
        "entities": "1.1.1",
        "linkify-it": "2.0.3",
        "mdurl": "1.0.1",
        "uc.micro": "1.0.5"
      }
    },
    "markdown-it-abbr": {
      "version": "1.0.4",
      "resolved": "http://registry.npm.taobao.org/markdown-it-abbr/download/markdown-it-abbr-1.0.4.tgz",
      "integrity": "sha1-1mtTZFIcuz3Yqlna37ovtoZcj9g="
    },
    "markdown-it-chart": {
      "version": "0.2.0",
      "resolved": "http://registry.npm.taobao.org/markdown-it-chart/download/markdown-it-chart-0.2.0.tgz",
      "integrity": "sha1-W4puyPRNsR33+r/Siss77Kb4tv8="
    },
    "markdown-it-container": {
      "version": "2.0.0",
      "resolved": "http://registry.npm.taobao.org/markdown-it-container/download/markdown-it-container-2.0.0.tgz",
      "integrity": "sha1-ABm0P9Au7+zi8ZYKKJX7qBpARpU="
    },
    "markdown-it-deflist": {
      "version": "2.0.3",
      "resolved": "http://registry.npm.taobao.org/markdown-it-deflist/download/markdown-it-deflist-2.0.3.tgz",
      "integrity": "sha1-VyfbBBhNPLK8buSpZB46EJHV/W8="
    },
    "markdown-it-emoji": {
      "version": "1.4.0",
      "resolved": "http://registry.npm.taobao.org/markdown-it-emoji/download/markdown-it-emoji-1.4.0.tgz",
      "integrity": "sha1-m+4OmpkKljupbfaYDE/dsF37Tcw="
    },
    "markdown-it-footnote": {
      "version": "3.0.1",
      "resolved": "http://registry.npm.taobao.org/markdown-it-footnote/download/markdown-it-footnote-3.0.1.tgz",
      "integrity": "sha1-fzcwdHysyG4v4L+KF6cQ80eRUXo="
    },
    "markdown-it-github-toc": {
      "version": "3.2.4",
      "resolved": "http://registry.npm.taobao.org/markdown-it-github-toc/download/markdown-it-github-toc-3.2.4.tgz",
      "integrity": "sha1-Z812DDA2mKHxltnBijhNTYDeGns=",
      "requires": {
        "uslug": "1.0.4"
      }
    },
    "markdown-it-icons": {
      "version": "0.4.1",
      "resolved": "http://registry.npm.taobao.org/markdown-it-icons/download/markdown-it-icons-0.4.1.tgz",
      "integrity": "sha1-QKOmiCN6PXbHkC+YZwtbEsmBl/s=",
      "requires": {
        "emojione": "3.1.7",
        "font-awesome-icon-chars": "1.3.0",
        "markdown-it-regex": "0.1.4"
      }
    },
    "markdown-it-ins": {
      "version": "2.0.0",
      "resolved": "http://registry.npm.taobao.org/markdown-it-ins/download/markdown-it-ins-2.0.0.tgz",
      "integrity": "sha1-papqMPHi9x6Ul1Z8/f9A8f3mdIM="
    },
    "markdown-it-katex": {
      "version": "2.0.3",
      "resolved": "http://registry.npm.taobao.org/markdown-it-katex/download/markdown-it-katex-2.0.3.tgz",
      "integrity": "sha1-17hqGuoLnWSW+rTnkZoY/e9YnDk=",
      "requires": {
        "katex": "0.6.0"
      }
    },
    "markdown-it-latex": {
      "version": "0.2.0",
      "resolved": "http://registry.npm.taobao.org/markdown-it-latex/download/markdown-it-latex-0.2.0.tgz",
      "integrity": "sha1-t0Id247P22X0QotQaRwTCOGKsvA=",
      "requires": {
        "asciimath-to-latex": "0.3.2",
        "katex": "0.9.0"
      },
      "dependencies": {
        "katex": {
          "version": "0.9.0",
          "resolved": "http://registry.npm.taobao.org/katex/download/katex-0.9.0.tgz",
          "integrity": "sha1-JqfQgsIdU3JUItLXHamy2EVfvUo=",
          "requires": {
            "match-at": "0.1.1"
          }
        }
      }
    },
    "markdown-it-mark": {
      "version": "2.0.0",
      "resolved": "http://registry.npm.taobao.org/markdown-it-mark/download/markdown-it-mark-2.0.0.tgz",
      "integrity": "sha1-RqGqlHEFrtgYiXjgoBYXnkBPQsc="
    },
    "markdown-it-mermaid": {
      "version": "0.2.5",
      "resolved": "http://registry.npm.taobao.org/markdown-it-mermaid/download/markdown-it-mermaid-0.2.5.tgz",
      "integrity": "sha1-qm5Iil9KsgBrSmPiLzFWg0lcGHc=",
      "requires": {
        "mermaid": "7.1.2"
      }
    },
    "markdown-it-regex": {
      "version": "0.1.4",
      "resolved": "http://registry.npm.taobao.org/markdown-it-regex/download/markdown-it-regex-0.1.4.tgz",
      "integrity": "sha1-yjIJ/KdmX3uAsj/stpmMHSUqWFo="
    },
    "markdown-it-source-map": {
      "version": "0.1.1",
      "resolved": "http://registry.npm.taobao.org/markdown-it-source-map/download/markdown-it-source-map-0.1.1.tgz",
      "integrity": "sha1-jYw+qzXtHrU5nscYFKS0NeJ1VW8="
    },
    "markdown-it-sub": {
      "version": "1.0.0",
      "resolved": "http://registry.npm.taobao.org/markdown-it-sub/download/markdown-it-sub-1.0.0.tgz",
      "integrity": "sha1-N1/WAm6ufdywEkl/ZBEZXqHjr+g="
    },
    "markdown-it-sup": {
      "version": "1.0.0",
      "resolved": "http://registry.npm.taobao.org/markdown-it-sup/download/markdown-it-sup-1.0.0.tgz",
      "integrity": "sha1-y5yf+RpSVawI8/09YyhuFd8KH8M="
    },
    "markdown-it-task-lists": {
      "version": "2.1.1",
      "resolved": "http://registry.npm.taobao.org/markdown-it-task-lists/download/markdown-it-task-lists-2.1.1.tgz",
      "integrity": "sha1-9o9NKsK61aLDc7qTCBoaaEhBcIg="
    },
    "markdown-it-toc-and-anchor": {
      "version": "4.1.2",
      "resolved": "http://registry.npm.taobao.org/markdown-it-toc-and-anchor/download/markdown-it-toc-and-anchor-4.1.2.tgz",
      "integrity": "sha1-snH2lKcL9xnmtygFbXvZMdNkIU0=",
      "requires": {
        "clone": "2.1.2",
        "uslug": "1.0.4"
      }
    },
    "match-at": {
      "version": "0.1.1",
      "resolved": "http://registry.npm.taobao.org/match-at/download/match-at-0.1.1.tgz",
      "integrity": "sha1-JdBA0pF3dwTV5lVru3kjDsLeBUA="
    },
    "mdurl": {
      "version": "1.0.1",
      "resolved": "http://registry.npm.taobao.org/mdurl/download/mdurl-1.0.1.tgz",
      "integrity": "sha1-/oWy7HWlkDfyrf7BAP1sYBdhFS4="
    },
    "mermaid": {
      "version": "7.1.2",
      "resolved": "http://registry.npm.taobao.org/mermaid/download/mermaid-7.1.2.tgz",
      "integrity": "sha1-YmVygVbC4IkeAEy6YKRAIhdEh60=",
      "requires": {
        "d3": "3.5.17",
        "dagre-d3-renderer": "0.4.26",
        "dagre-layout": "0.8.8",
        "he": "1.1.1",
        "lodash": "4.17.10",
        "moment": "2.22.2"
      }
    },
    "moment": {
      "version": "2.22.2",
      "resolved": "http://registry.npm.taobao.org/moment/download/moment-2.22.2.tgz",
      "integrity": "sha1-PCV/mDn8DpP/UxSWMiOeuQeD/2Y="
    },
    "sprintf-js": {
      "version": "1.0.3",
      "resolved": "http://registry.npm.taobao.org/sprintf-js/download/sprintf-js-1.0.3.tgz",
      "integrity": "sha1-BOaSb2YolTVPPdAVIDYzuFcpfiw="
    },
    "uc.micro": {
      "version": "1.0.5",
      "resolved": "http://registry.npm.taobao.org/uc.micro/download/uc.micro-1.0.5.tgz",
      "integrity": "sha1-DGXxX4FaoItWCmHOi023/8P0U3Y="
    },
    "unorm": {
      "version": "1.4.1",
      "resolved": "http://registry.npm.taobao.org/unorm/download/unorm-1.4.1.tgz",
      "integrity": "sha1-NkIA1fE2RsqLzURJAnEzVhR5IwA="
    },
    "uslug": {
      "version": "1.0.4",
      "resolved": "http://registry.npm.taobao.org/uslug/download/uslug-1.0.4.tgz",
      "integrity": "sha1-uaIvCRTgqGFAYz2swwLl9PpFBnc=",
      "requires": {
        "unorm": "1.4.1"
      }
    }
  }
}
